
Microsoft Visual Studio Solution File, Format Version 12.00
# Visual Studio Version 16
VisualStudioVersion = 16.0.31321.278
MinimumVisualStudioVersion = 10.0.40219.1
Project("{FAE04EC0-301F-11D3-BF4B-00C04F79EFBC}") = "GuiRadnici", "GuiRadnici\GuiRadnici.csproj", "{C9C7A055-B0BD-44C1-8C90-F929433A1E9F}"
EndProject
Global
	GlobalSection(SolutionConfigurationPlatforms) = preSolution
		Debug|Any CPU = Debug|Any CPU
		Release|Any CPU = Release|Any CPU
	EndGlobalSection
	GlobalSection(ProjectConfigurationPlatforms) = postSolution
		{C9C7A055-B0BD-44C1-8C90-F929433A1E9F}.Debug|Any CPU.ActiveCfg = Debug|Any CPU
		{C9C7A055-B0BD-44C1-8C90-F929433A1E9F}.Debug|Any CPU.Build.0 = Debug|Any CPU
		{C9C7A055-B0BD-44C1-8C90-F929433A1E9F}.Release|Any CPU.ActiveCfg = Release|Any CPU
		{C9C7A055-B0BD-44C1-8C90-F929433A1E9F}.Release|Any CPU.Build.0 = Release|Any CPU
	EndGlobalSection
	GlobalSection(SolutionProperties) = preSolution
		HideSolutionNode = FALSE
	EndGlobalSection
	GlobalSection(ExtensibilityGlobals) = postSolution
		SolutionGuid = {61D6363B-C46D-4E06-A709-67FCFEA63585}
	EndGlobalSection
EndGlobal
